<Solution>
  <Folder Name="/src/">
    <Project Path="ChatterBox.Application/ChatterBox.Application.csproj" />
    <Project Path="ChatterBox.Domain/ChatterBox.Domain.csproj" />
    <Project Path="ChatterBox.Infrastructure/ChatterBox.Infrastructure.csproj" />
    <Project Path="ChatterBox.Shared/ChatterBox.Shared.csproj" />
    <Project Path="ChatterBox.Web/ChatterBox.Web.csproj" />
  </Folder>
</Solution>
