<Solution>
  <Folder Name="/docker-compose/">
    <File Path="docker-compose.yml" />
  </Folder>
  <Folder Name="/src/">
    <Project Path="D:/GIT/learning2026/ChatterBox/ChatterBox/ChatterBox.Application/ChatterBox.Application.csproj" />
    <Project Path="D:/GIT/learning2026/ChatterBox/ChatterBox/ChatterBox.Domain/ChatterBox.Domain.csproj" />
    <Project Path="D:/GIT/learning2026/ChatterBox/ChatterBox/ChatterBox.Infrastructure/ChatterBox.Infrastructure.csproj" />
    <Project Path="D:/GIT/learning2026/ChatterBox/ChatterBox/ChatterBox.Shared/ChatterBox.Shared.csproj" />
    <Project Path="D:/GIT/learning2026/ChatterBox/ChatterBox/ChatterBox.Web/ChatterBox.Web.csproj" />
  </Folder>
  <Folder Name="/tests/">
    <Project Path="D:/GIT/learning2026/ChatterBox/ChatterBox/ChatterBox.IntigrationTests/ChatterBox.IntigrationTests.csproj" />
    <Project Path="D:/GIT/learning2026/ChatterBox/ChatterBox/ChatterBox.UnitTests/ChatterBox.UnitTests.csproj" />
  </Folder>
</Solution>
